
Microsoft Visual Studio Solution File, Format Version 12.00
# Visual Studio 15
VisualStudioVersion = 15.0.28010.2003
MinimumVisualStudioVersion = 10.0.40219.1
Project("{FAE04EC0-301F-11D3-BF4B-00C04F79EFBC}") = "cs_test", "cs_test.csproj", "{F94D3EFC-354D-46B4-848D-F407FC047245}"
	ProjectSection(ProjectDependencies) = postProject
		{9601947E-CF7A-4123-978E-7CAC5B7CCA76} = {9601947E-CF7A-4123-978E-7CAC5B7CCA76}
	EndProjectSection
EndProject
Project("{FAE04EC0-301F-11D3-BF4B-00C04F79EFBC}") = "GoogleProtocolBuffer", "..\ClassLibrary1\GoogleProtocolBuffer.csproj", "{9601947E-CF7A-4123-978E-7CAC5B7CCA76}"
EndProject
Global
	GlobalSection(SolutionConfigurationPlatforms) = preSolution
		Debug|Any CPU = Debug|Any CPU
		Debug|x86 = Debug|x86
		Release|Any CPU = Release|Any CPU
		Release|x86 = Release|x86
	EndGlobalSection
	GlobalSection(ProjectConfigurationPlatforms) = postSolution
		{F94D3EFC-354D-46B4-848D-F407FC047245}.Debug|Any CPU.ActiveCfg = Debug|x86
		{F94D3EFC-354D-46B4-848D-F407FC047245}.Debug|x86.ActiveCfg = Debug|x86
		{F94D3EFC-354D-46B4-848D-F407FC047245}.Debug|x86.Build.0 = Debug|x86
		{F94D3EFC-354D-46B4-848D-F407FC047245}.Release|Any CPU.ActiveCfg = Release|x86
		{F94D3EFC-354D-46B4-848D-F407FC047245}.Release|x86.ActiveCfg = Release|x86
		{F94D3EFC-354D-46B4-848D-F407FC047245}.Release|x86.Build.0 = Release|x86
		{9601947E-CF7A-4123-978E-7CAC5B7CCA76}.Debug|Any CPU.ActiveCfg = Debug|Any CPU
		{9601947E-CF7A-4123-978E-7CAC5B7CCA76}.Debug|Any CPU.Build.0 = Debug|Any CPU
		{9601947E-CF7A-4123-978E-7CAC5B7CCA76}.Debug|x86.ActiveCfg = Debug|Any CPU
		{9601947E-CF7A-4123-978E-7CAC5B7CCA76}.Debug|x86.Build.0 = Debug|Any CPU
		{9601947E-CF7A-4123-978E-7CAC5B7CCA76}.Release|Any CPU.ActiveCfg = Release|Any CPU
		{9601947E-CF7A-4123-978E-7CAC5B7CCA76}.Release|Any CPU.Build.0 = Release|Any CPU
		{9601947E-CF7A-4123-978E-7CAC5B7CCA76}.Release|x86.ActiveCfg = Release|Any CPU
		{9601947E-CF7A-4123-978E-7CAC5B7CCA76}.Release|x86.Build.0 = Release|Any CPU
	EndGlobalSection
	GlobalSection(SolutionProperties) = preSolution
		HideSolutionNode = FALSE
	EndGlobalSection
	GlobalSection(ExtensibilityGlobals) = postSolution
		SolutionGuid = {3BFDBBD6-1509-4326-B1FB-DD07DE5DFB9B}
	EndGlobalSection
EndGlobal
